
Microsoft Visual Studio Solution File, Format Version 12.00
# Visual Studio 15
VisualStudioVersion = 15.0.28307.572
MinimumVisualStudioVersion = 10.0.40219.1
Project("{FAE04EC0-301F-11D3-BF4B-00C04F79EFBC}") = "FrameworkApp", "FrameworkApp\FrameworkApp.csproj", "{46A48586-2284-44C6-81FD-EC1839EEB0B0}"
EndProject
Global
	GlobalSection(SolutionConfigurationPlatforms) = preSolution
		Debug|Any CPU = Debug|Any CPU
		Release|Any CPU = Release|Any CPU
	EndGlobalSection
	GlobalSection(ProjectConfigurationPlatforms) = postSolution
		{46A48586-2284-44C6-81FD-EC1839EEB0B0}.Debug|Any CPU.ActiveCfg = Debug|Any CPU
		{46A48586-2284-44C6-81FD-EC1839EEB0B0}.Debug|Any CPU.Build.0 = Debug|Any CPU
		{46A48586-2284-44C6-81FD-EC1839EEB0B0}.Release|Any CPU.ActiveCfg = Release|Any CPU
		{46A48586-2284-44C6-81FD-EC1839EEB0B0}.Release|Any CPU.Build.0 = Release|Any CPU
	EndGlobalSection
	GlobalSection(SolutionProperties) = preSolution
		HideSolutionNode = FALSE
	EndGlobalSection
	GlobalSection(ExtensibilityGlobals) = postSolution
		SolutionGuid = {1A52B725-5499-4F1D-9AF8-6206400B9447}
	EndGlobalSection
EndGlobal
