
Microsoft Visual Studio Solution File, Format Version 12.00
# Visual Studio 15
VisualStudioVersion = 15.0.28307.572
MinimumVisualStudioVersion = 10.0.40219.1
Project("{FAE04EC0-301F-11D3-BF4B-00C04F79EFBC}") = "AzFunv1.0", "AzFunv1.0\AzFunv1.0.csproj", "{1ABD6E5B-CF17-468D-AB0D-70B764D6A346}"
EndProject
Global
	GlobalSection(SolutionConfigurationPlatforms) = preSolution
		Debug|Any CPU = Debug|Any CPU
		Release|Any CPU = Release|Any CPU
	EndGlobalSection
	GlobalSection(ProjectConfigurationPlatforms) = postSolution
		{1ABD6E5B-CF17-468D-AB0D-70B764D6A346}.Debug|Any CPU.ActiveCfg = Debug|Any CPU
		{1ABD6E5B-CF17-468D-AB0D-70B764D6A346}.Debug|Any CPU.Build.0 = Debug|Any CPU
		{1ABD6E5B-CF17-468D-AB0D-70B764D6A346}.Release|Any CPU.ActiveCfg = Release|Any CPU
		{1ABD6E5B-CF17-468D-AB0D-70B764D6A346}.Release|Any CPU.Build.0 = Release|Any CPU
	EndGlobalSection
	GlobalSection(SolutionProperties) = preSolution
		HideSolutionNode = FALSE
	EndGlobalSection
	GlobalSection(ExtensibilityGlobals) = postSolution
		SolutionGuid = {869126B2-9ECB-4B6C-A331-662E12F9880F}
	EndGlobalSection
EndGlobal
